// !$*UTF8*$!
{
	archiveVersion = 1;
	classes = {
	};
	objectVersion = 46;
	objects = {

/* Begin PBXBuildFile section */
		A605335A2386B55E00BB335C /* UMPCAPLiveTraceDelegateProtocol.h in Headers */ = {isa = PBXBuildFile; fileRef = A60533582386B55E00BB335C /* UMPCAPLiveTraceDelegateProtocol.h */; settings = {ATTRIBUTES = (Public, ); }; };
		A60E40691D3E99D000211137 /* main.m in Sources */ = {isa = PBXBuildFile; fileRef = A60E40681D3E99D000211137 /* main.m */; };
		A60E40781D3E9D0C00211137 /* main.m in Sources */ = {isa = PBXBuildFile; fileRef = A60E40771D3E9D0C00211137 /* main.m */; };
		A624F4122150D62F0075788B /* main.m in Sources */ = {isa = PBXBuildFile; fileRef = A624F4112150D62F0075788B /* main.m */; };
		A624F41A2150E68B0075788B /* ulibpcap.framework in Frameworks */ = {isa = PBXBuildFile; fileRef = A65781BA1CF54A3600211137 /* ulibpcap.framework */; };
		A62E0808215A130700D205F0 /* ulibpcap.framework in Frameworks */ = {isa = PBXBuildFile; fileRef = A65781BA1CF54A3600211137 /* ulibpcap.framework */; };
		A65781BE1CF54A3600211137 /* ulibpcap.h in Headers */ = {isa = PBXBuildFile; fileRef = A65781BD1CF54A3600211137 /* ulibpcap.h */; settings = {ATTRIBUTES = (Public, ); }; };
		A65781C51CF54A3600211137 /* ulibpcap.framework in Frameworks */ = {isa = PBXBuildFile; fileRef = A65781BA1CF54A3600211137 /* ulibpcap.framework */; };
		A65781CA1CF54A3600211137 /* ulibpcapTests.m in Sources */ = {isa = PBXBuildFile; fileRef = A65781C91CF54A3600211137 /* ulibpcapTests.m */; };
		A65781D81CF54D3C00211137 /* libpcap.dylib in Frameworks */ = {isa = PBXBuildFile; fileRef = A65781D71CF54D3C00211137 /* libpcap.dylib */; };
		A65781DC1CF54D8E00211137 /* UMPCAPFile.h in Headers */ = {isa = PBXBuildFile; fileRef = A65781DA1CF54D8E00211137 /* UMPCAPFile.h */; settings = {ATTRIBUTES = (Public, ); }; };
		A65781DD1CF54D8E00211137 /* UMPCAPFile.m in Sources */ = {isa = PBXBuildFile; fileRef = A65781DB1CF54D8E00211137 /* UMPCAPFile.m */; };
		A67989FC22BB6EC70019806C /* ulib.framework in Frameworks */ = {isa = PBXBuildFile; fileRef = A67989FB22BB6EC70019806C /* ulib.framework */; };
		A67989FD22BB6EC70019806C /* ulib.framework in Frameworks */ = {isa = PBXBuildFile; fileRef = A67989FB22BB6EC70019806C /* ulib.framework */; };
		A67989FE22BB6EC70019806C /* ulib.framework in Frameworks */ = {isa = PBXBuildFile; fileRef = A67989FB22BB6EC70019806C /* ulib.framework */; };
		A67989FF22BB6EC70019806C /* ulib.framework in Frameworks */ = {isa = PBXBuildFile; fileRef = A67989FB22BB6EC70019806C /* ulib.framework */; };
		A6798A0022BB6EC70019806C /* ulib.framework in Frameworks */ = {isa = PBXBuildFile; fileRef = A67989FB22BB6EC70019806C /* ulib.framework */; };
		A6798A0122BB6EC70019806C /* ulib.framework in Frameworks */ = {isa = PBXBuildFile; fileRef = A67989FB22BB6EC70019806C /* ulib.framework */; };
		A6798AE222BB8CCA0019806C /* ulibpcap.framework in Frameworks */ = {isa = PBXBuildFile; fileRef = A65781BA1CF54A3600211137 /* ulibpcap.framework */; };
		A6798AE322BB8CCA0019806C /* ulibpcap.framework in Frameworks */ = {isa = PBXBuildFile; fileRef = A65781BA1CF54A3600211137 /* ulibpcap.framework */; };
		A688023A20443995007192F2 /* UMPCAPPseudoConnection.h in Headers */ = {isa = PBXBuildFile; fileRef = A688023820443995007192F2 /* UMPCAPPseudoConnection.h */; settings = {ATTRIBUTES = (Public, ); }; };
		A688023B20443995007192F2 /* UMPCAPPseudoConnection.m in Sources */ = {isa = PBXBuildFile; fileRef = A688023920443995007192F2 /* UMPCAPPseudoConnection.m */; };
		A688024320445EBB007192F2 /* main.m in Sources */ = {isa = PBXBuildFile; fileRef = A688024220445EBB007192F2 /* main.m */; };
		A688024F204461DD007192F2 /* libpcap.dylib in Frameworks */ = {isa = PBXBuildFile; fileRef = A65781D71CF54D3C00211137 /* libpcap.dylib */; };
		A6B3968D236BA7C400C8D33D /* UMPCAPLiveTrace.h in Headers */ = {isa = PBXBuildFile; fileRef = A6B3968B236BA7C400C8D33D /* UMPCAPLiveTrace.h */; settings = {ATTRIBUTES = (Public, ); }; };
		A6B3968E236BA7C400C8D33D /* UMPCAPLiveTrace.m in Sources */ = {isa = PBXBuildFile; fileRef = A6B3968C236BA7C400C8D33D /* UMPCAPLiveTrace.m */; };
		A6B39691236BBAC500C8D33D /* UMPCAPLiveTracePacket.h in Headers */ = {isa = PBXBuildFile; fileRef = A6B3968F236BBAC500C8D33D /* UMPCAPLiveTracePacket.h */; settings = {ATTRIBUTES = (Public, ); }; };
		A6B39692236BBAC500C8D33D /* UMPCAPLiveTracePacket.m in Sources */ = {isa = PBXBuildFile; fileRef = A6B39690236BBAC500C8D33D /* UMPCAPLiveTracePacket.m */; };
/* End PBXBuildFile section */

/* Begin PBXContainerItemProxy section */
		A65781C61CF54A3600211137 /* PBXContainerItemProxy */ = {
			isa = PBXContainerItemProxy;
			containerPortal = A65781B11CF54A3600211137 /* Project object */;
			proxyType = 1;
			remoteGlobalIDString = A65781B91CF54A3600211137;
			remoteInfo = ulibpcap;
		};
/* End PBXContainerItemProxy section */

/* Begin PBXCopyFilesBuildPhase section */
		A60E40641D3E99CF00211137 /* CopyFiles */ = {
			isa = PBXCopyFilesBuildPhase;
			buildActionMask = 2147483647;
			dstPath = /usr/share/man/man1/;
			dstSubfolderSpec = 0;
			files = (
			);
			runOnlyForDeploymentPostprocessing = 1;
		};
		A60E40731D3E9D0C00211137 /* CopyFiles */ = {
			isa = PBXCopyFilesBuildPhase;
			buildActionMask = 2147483647;
			dstPath = /usr/share/man/man1/;
			dstSubfolderSpec = 0;
			files = (
			);
			runOnlyForDeploymentPostprocessing = 1;
		};
		A624F40D2150D62F0075788B /* CopyFiles */ = {
			isa = PBXCopyFilesBuildPhase;
			buildActionMask = 2147483647;
			dstPath = /usr/share/man/man1/;
			dstSubfolderSpec = 0;
			files = (
			);
			runOnlyForDeploymentPostprocessing = 1;
		};
		A688023E20445EBB007192F2 /* CopyFiles */ = {
			isa = PBXCopyFilesBuildPhase;
			buildActionMask = 2147483647;
			dstPath = /usr/share/man/man1/;
			dstSubfolderSpec = 0;
			files = (
			);
			runOnlyForDeploymentPostprocessing = 1;
		};
/* End PBXCopyFilesBuildPhase section */

/* Begin PBXFileReference section */
		A60533582386B55E00BB335C /* UMPCAPLiveTraceDelegateProtocol.h */ = {isa = PBXFileReference; lastKnownFileType = sourcecode.c.h; path = UMPCAPLiveTraceDelegateProtocol.h; sourceTree = "<group>"; };
		A60E40661D3E99CF00211137 /* dump-mtp3 */ = {isa = PBXFileReference; explicitFileType = "compiled.mach-o.executable"; includeInIndex = 0; path = "dump-mtp3"; sourceTree = BUILT_PRODUCTS_DIR; };
		A60E40681D3E99D000211137 /* main.m */ = {isa = PBXFileReference; lastKnownFileType = sourcecode.c.objc; path = main.m; sourceTree = "<group>"; };
		A60E40751D3E9D0C00211137 /* dump-sccp */ = {isa = PBXFileReference; explicitFileType = "compiled.mach-o.executable"; includeInIndex = 0; path = "dump-sccp"; sourceTree = BUILT_PRODUCTS_DIR; };
		A60E40771D3E9D0C00211137 /* main.m */ = {isa = PBXFileReference; lastKnownFileType = sourcecode.c.objc; path = main.m; sourceTree = "<group>"; };
		A624F40F2150D62F0075788B /* dump-huawei */ = {isa = PBXFileReference; explicitFileType = "compiled.mach-o.executable"; includeInIndex = 0; path = "dump-huawei"; sourceTree = BUILT_PRODUCTS_DIR; };
		A624F4112150D62F0075788B /* main.m */ = {isa = PBXFileReference; lastKnownFileType = sourcecode.c.objc; path = main.m; sourceTree = "<group>"; };
		A634105924B723310044A2B6 /* VERSION */ = {isa = PBXFileReference; lastKnownFileType = text; path = VERSION; sourceTree = "<group>"; };
		A65781BA1CF54A3600211137 /* ulibpcap.framework */ = {isa = PBXFileReference; explicitFileType = wrapper.framework; includeInIndex = 0; path = ulibpcap.framework; sourceTree = BUILT_PRODUCTS_DIR; };
		A65781BD1CF54A3600211137 /* ulibpcap.h */ = {isa = PBXFileReference; lastKnownFileType = sourcecode.c.h; path = ulibpcap.h; sourceTree = "<group>"; };
		A65781BF1CF54A3600211137 /* Info.plist */ = {isa = PBXFileReference; lastKnownFileType = text.plist.xml; path = Info.plist; sourceTree = "<group>"; };
		A65781C41CF54A3600211137 /* ulibpcapTests.xctest */ = {isa = PBXFileReference; explicitFileType = wrapper.cfbundle; includeInIndex = 0; path = ulibpcapTests.xctest; sourceTree = BUILT_PRODUCTS_DIR; };
		A65781C91CF54A3600211137 /* ulibpcapTests.m */ = {isa = PBXFileReference; lastKnownFileType = sourcecode.c.objc; path = ulibpcapTests.m; sourceTree = "<group>"; };
		A65781CB1CF54A3600211137 /* Info.plist */ = {isa = PBXFileReference; lastKnownFileType = text.plist.xml; path = Info.plist; sourceTree = "<group>"; };
		A65781D71CF54D3C00211137 /* libpcap.dylib */ = {isa = PBXFileReference; lastKnownFileType = "compiled.mach-o.dylib"; name = libpcap.dylib; path = /usr/lib/libpcap.dylib; sourceTree = "<absolute>"; };
		A65781DA1CF54D8E00211137 /* UMPCAPFile.h */ = {isa = PBXFileReference; fileEncoding = 4; lastKnownFileType = sourcecode.c.h; path = UMPCAPFile.h; sourceTree = "<group>"; };
		A65781DB1CF54D8E00211137 /* UMPCAPFile.m */ = {isa = PBXFileReference; fileEncoding = 4; lastKnownFileType = sourcecode.c.objc; path = UMPCAPFile.m; sourceTree = "<group>"; };
		A66A4248217493CB0083526C /* Makefile.osx.in */ = {isa = PBXFileReference; lastKnownFileType = text; path = Makefile.osx.in; sourceTree = "<group>"; };
		A66A4249217493CC0083526C /* Makefile.linux.in */ = {isa = PBXFileReference; lastKnownFileType = text; path = Makefile.linux.in; sourceTree = "<group>"; };
		A67989FB22BB6EC70019806C /* ulib.framework */ = {isa = PBXFileReference; lastKnownFileType = wrapper.framework; name = ulib.framework; path = "/Library/Application Support/FinkTelecomServices/frameworks/ulib.framework"; sourceTree = "<absolute>"; };
		A688023820443995007192F2 /* UMPCAPPseudoConnection.h */ = {isa = PBXFileReference; lastKnownFileType = sourcecode.c.h; path = UMPCAPPseudoConnection.h; sourceTree = "<group>"; };
		A688023920443995007192F2 /* UMPCAPPseudoConnection.m */ = {isa = PBXFileReference; lastKnownFileType = sourcecode.c.objc; path = UMPCAPPseudoConnection.m; sourceTree = "<group>"; };
		A688024020445EBB007192F2 /* pcap-test */ = {isa = PBXFileReference; explicitFileType = "compiled.mach-o.executable"; includeInIndex = 0; path = "pcap-test"; sourceTree = BUILT_PRODUCTS_DIR; };
		A688024220445EBB007192F2 /* main.m */ = {isa = PBXFileReference; lastKnownFileType = sourcecode.c.objc; path = main.m; sourceTree = "<group>"; };
		A6B3968B236BA7C400C8D33D /* UMPCAPLiveTrace.h */ = {isa = PBXFileReference; lastKnownFileType = sourcecode.c.h; path = UMPCAPLiveTrace.h; sourceTree = "<group>"; };
		A6B3968C236BA7C400C8D33D /* UMPCAPLiveTrace.m */ = {isa = PBXFileReference; lastKnownFileType = sourcecode.c.objc; path = UMPCAPLiveTrace.m; sourceTree = "<group>"; };
		A6B3968F236BBAC500C8D33D /* UMPCAPLiveTracePacket.h */ = {isa = PBXFileReference; lastKnownFileType = sourcecode.c.h; path = UMPCAPLiveTracePacket.h; sourceTree = "<group>"; };
		A6B39690236BBAC500C8D33D /* UMPCAPLiveTracePacket.m */ = {isa = PBXFileReference; lastKnownFileType = sourcecode.c.objc; path = UMPCAPLiveTracePacket.m; sourceTree = "<group>"; };
/* End PBXFileReference section */

/* Begin PBXFrameworksBuildPhase section */
		A60E40631D3E99CF00211137 /* Frameworks */ = {
			isa = PBXFrameworksBuildPhase;
			buildActionMask = 2147483647;
			files = (
				A67989FE22BB6EC70019806C /* ulib.framework in Frameworks */,
				A62E0808215A130700D205F0 /* ulibpcap.framework in Frameworks */,
			);
			runOnlyForDeploymentPostprocessing = 0;
		};
		A60E40721D3E9D0C00211137 /* Frameworks */ = {
			isa = PBXFrameworksBuildPhase;
			buildActionMask = 2147483647;
			files = (
				A6798AE222BB8CCA0019806C /* ulibpcap.framework in Frameworks */,
				A67989FF22BB6EC70019806C /* ulib.framework in Frameworks */,
			);
			runOnlyForDeploymentPostprocessing = 0;
		};
		A624F40C2150D62F0075788B /* Frameworks */ = {
			isa = PBXFrameworksBuildPhase;
			buildActionMask = 2147483647;
			files = (
				A6798A0122BB6EC70019806C /* ulib.framework in Frameworks */,
				A624F41A2150E68B0075788B /* ulibpcap.framework in Frameworks */,
			);
			runOnlyForDeploymentPostprocessing = 0;
		};
		A65781B61CF54A3600211137 /* Frameworks */ = {
			isa = PBXFrameworksBuildPhase;
			buildActionMask = 2147483647;
			files = (
				A65781D81CF54D3C00211137 /* libpcap.dylib in Frameworks */,
				A67989FC22BB6EC70019806C /* ulib.framework in Frameworks */,
			);
			runOnlyForDeploymentPostprocessing = 0;
		};
		A65781C11CF54A3600211137 /* Frameworks */ = {
			isa = PBXFrameworksBuildPhase;
			buildActionMask = 2147483647;
			files = (
				A67989FD22BB6EC70019806C /* ulib.framework in Frameworks */,
				A65781C51CF54A3600211137 /* ulibpcap.framework in Frameworks */,
			);
			runOnlyForDeploymentPostprocessing = 0;
		};
		A688023D20445EBB007192F2 /* Frameworks */ = {
			isa = PBXFrameworksBuildPhase;
			buildActionMask = 2147483647;
			files = (
				A6798A0022BB6EC70019806C /* ulib.framework in Frameworks */,
				A6798AE322BB8CCA0019806C /* ulibpcap.framework in Frameworks */,
				A688024F204461DD007192F2 /* libpcap.dylib in Frameworks */,
			);
			runOnlyForDeploymentPostprocessing = 0;
		};
/* End PBXFrameworksBuildPhase section */

/* Begin PBXGroup section */
		A60E40671D3E99D000211137 /* dump-mtp3 */ = {
			isa = PBXGroup;
			children = (
				A60E40681D3E99D000211137 /* main.m */,
			);
			path = "dump-mtp3";
			sourceTree = "<group>";
		};
		A60E40761D3E9D0C00211137 /* dump-sccp */ = {
			isa = PBXGroup;
			children = (
				A60E40771D3E9D0C00211137 /* main.m */,
			);
			path = "dump-sccp";
			sourceTree = "<group>";
		};
		A624F4102150D62F0075788B /* dump-huawei */ = {
			isa = PBXGroup;
			children = (
				A624F4112150D62F0075788B /* main.m */,
			);
			path = "dump-huawei";
			sourceTree = "<group>";
		};
		A65781B01CF54A3600211137 = {
			isa = PBXGroup;
			children = (
				A634105924B723310044A2B6 /* VERSION */,
				A66A4249217493CC0083526C /* Makefile.linux.in */,
				A66A4248217493CB0083526C /* Makefile.osx.in */,
				A65781BC1CF54A3600211137 /* ulibpcap */,
				A65781D91CF54D4300211137 /* Libraries */,
				A60E40671D3E99D000211137 /* dump-mtp3 */,
				A60E40761D3E9D0C00211137 /* dump-sccp */,
				A688024120445EBB007192F2 /* pcap-test */,
				A624F4102150D62F0075788B /* dump-huawei */,
				A65781D61CF54CFE00211137 /* Frameworks */,
				A65781C81CF54A3600211137 /* ulibpcapTests */,
				A65781BB1CF54A3600211137 /* Products */,
			);
			sourceTree = "<group>";
		};
		A65781BB1CF54A3600211137 /* Products */ = {
			isa = PBXGroup;
			children = (
				A65781BA1CF54A3600211137 /* ulibpcap.framework */,
				A65781C41CF54A3600211137 /* ulibpcapTests.xctest */,
				A60E40661D3E99CF00211137 /* dump-mtp3 */,
				A60E40751D3E9D0C00211137 /* dump-sccp */,
				A688024020445EBB007192F2 /* pcap-test */,
				A624F40F2150D62F0075788B /* dump-huawei */,
			);
			name = Products;
			sourceTree = "<group>";
		};
		A65781BC1CF54A3600211137 /* ulibpcap */ = {
			isa = PBXGroup;
			children = (
				A65781BF1CF54A3600211137 /* Info.plist */,
				A65781BD1CF54A3600211137 /* ulibpcap.h */,
				A65781DA1CF54D8E00211137 /* UMPCAPFile.h */,
				A65781DB1CF54D8E00211137 /* UMPCAPFile.m */,
				A688023820443995007192F2 /* UMPCAPPseudoConnection.h */,
				A688023920443995007192F2 /* UMPCAPPseudoConnection.m */,
				A6B3968B236BA7C400C8D33D /* UMPCAPLiveTrace.h */,
				A6B3968C236BA7C400C8D33D /* UMPCAPLiveTrace.m */,
				A6B3968F236BBAC500C8D33D /* UMPCAPLiveTracePacket.h */,
				A6B39690236BBAC500C8D33D /* UMPCAPLiveTracePacket.m */,
				A60533582386B55E00BB335C /* UMPCAPLiveTraceDelegateProtocol.h */,
			);
			path = ulibpcap;
			sourceTree = "<group>";
		};
		A65781C81CF54A3600211137 /* ulibpcapTests */ = {
			isa = PBXGroup;
			children = (
				A65781C91CF54A3600211137 /* ulibpcapTests.m */,
				A65781CB1CF54A3600211137 /* Info.plist */,
			);
			path = ulibpcapTests;
			sourceTree = "<group>";
		};
		A65781D61CF54CFE00211137 /* Frameworks */ = {
			isa = PBXGroup;
			children = (
				A67989FB22BB6EC70019806C /* ulib.framework */,
			);
			name = Frameworks;
			path = ulibpcap;
			sourceTree = "<group>";
		};
		A65781D91CF54D4300211137 /* Libraries */ = {
			isa = PBXGroup;
			children = (
				A65781D71CF54D3C00211137 /* libpcap.dylib */,
			);
			name = Libraries;
			path = ulibpcap;
			sourceTree = "<group>";
		};
		A688024120445EBB007192F2 /* pcap-test */ = {
			isa = PBXGroup;
			children = (
				A688024220445EBB007192F2 /* main.m */,
			);
			path = "pcap-test";
			sourceTree = "<group>";
		};
/* End PBXGroup section */

/* Begin PBXHeadersBuildPhase section */
		A65781B71CF54A3600211137 /* Headers */ = {
			isa = PBXHeadersBuildPhase;
			buildActionMask = 2147483647;
			files = (
				A6B3968D236BA7C400C8D33D /* UMPCAPLiveTrace.h in Headers */,
				A605335A2386B55E00BB335C /* UMPCAPLiveTraceDelegateProtocol.h in Headers */,
				A65781DC1CF54D8E00211137 /* UMPCAPFile.h in Headers */,
				A688023A20443995007192F2 /* UMPCAPPseudoConnection.h in Headers */,
				A65781BE1CF54A3600211137 /* ulibpcap.h in Headers */,
				A6B39691236BBAC500C8D33D /* UMPCAPLiveTracePacket.h in Headers */,
			);
			runOnlyForDeploymentPostprocessing = 0;
		};
/* End PBXHeadersBuildPhase section */

/* Begin PBXNativeTarget section */
		A60E40651D3E99CF00211137 /* dump-mtp3 */ = {
			isa = PBXNativeTarget;
			buildConfigurationList = A60E406C1D3E99D000211137 /* Build configuration list for PBXNativeTarget "dump-mtp3" */;
			buildPhases = (
				A60E40621D3E99CF00211137 /* Sources */,
				A60E40631D3E99CF00211137 /* Frameworks */,
				A60E40641D3E99CF00211137 /* CopyFiles */,
				A67E7A8C22C61B9800B34DA3 /* ShellScript */,
			);
			buildRules = (
			);
			dependencies = (
			);
			name = "dump-mtp3";
			productName = "dump-mtp3";
			productReference = A60E40661D3E99CF00211137 /* dump-mtp3 */;
			productType = "com.apple.product-type.tool";
		};
		A60E40741D3E9D0C00211137 /* dump-sccp */ = {
			isa = PBXNativeTarget;
			buildConfigurationList = A60E40791D3E9D0C00211137 /* Build configuration list for PBXNativeTarget "dump-sccp" */;
			buildPhases = (
				A60E40711D3E9D0C00211137 /* Sources */,
				A60E40721D3E9D0C00211137 /* Frameworks */,
				A60E40731D3E9D0C00211137 /* CopyFiles */,
				A67E7A8D22C61BA900B34DA3 /* ShellScript */,
			);
			buildRules = (
			);
			dependencies = (
			);
			name = "dump-sccp";
			productName = "dump-sccp";
			productReference = A60E40751D3E9D0C00211137 /* dump-sccp */;
			productType = "com.apple.product-type.tool";
		};
		A624F40E2150D62F0075788B /* dump-huawei */ = {
			isa = PBXNativeTarget;
			buildConfigurationList = A624F4152150D62F0075788B /* Build configuration list for PBXNativeTarget "dump-huawei" */;
			buildPhases = (
				A624F40B2150D62F0075788B /* Sources */,
				A624F40C2150D62F0075788B /* Frameworks */,
				A624F40D2150D62F0075788B /* CopyFiles */,
				A67E7A8E22C61BB600B34DA3 /* ShellScript */,
			);
			buildRules = (
			);
			dependencies = (
			);
			name = "dump-huawei";
			productName = "dump-huawei";
			productReference = A624F40F2150D62F0075788B /* dump-huawei */;
			productType = "com.apple.product-type.tool";
		};
		A65781B91CF54A3600211137 /* ulibpcap */ = {
			isa = PBXNativeTarget;
			buildConfigurationList = A65781CE1CF54A3600211137 /* Build configuration list for PBXNativeTarget "ulibpcap" */;
			buildPhases = (
				A65781B51CF54A3600211137 /* Sources */,
				A65781B61CF54A3600211137 /* Frameworks */,
				A65781B71CF54A3600211137 /* Headers */,
				A65781B81CF54A3600211137 /* Resources */,
			);
			buildRules = (
			);
			dependencies = (
			);
			name = ulibpcap;
			productName = ulibpcap;
			productReference = A65781BA1CF54A3600211137 /* ulibpcap.framework */;
			productType = "com.apple.product-type.framework";
		};
		A65781C31CF54A3600211137 /* ulibpcapTests */ = {
			isa = PBXNativeTarget;
			buildConfigurationList = A65781D11CF54A3600211137 /* Build configuration list for PBXNativeTarget "ulibpcapTests" */;
			buildPhases = (
				A65781C01CF54A3600211137 /* Sources */,
				A65781C11CF54A3600211137 /* Frameworks */,
				A65781C21CF54A3600211137 /* Resources */,
			);
			buildRules = (
			);
			dependencies = (
				A65781C71CF54A3600211137 /* PBXTargetDependency */,
			);
			name = ulibpcapTests;
			productName = ulibpcapTests;
			productReference = A65781C41CF54A3600211137 /* ulibpcapTests.xctest */;
			productType = "com.apple.product-type.bundle.unit-test";
		};
		A688023F20445EBB007192F2 /* pcap-test */ = {
			isa = PBXNativeTarget;
			buildConfigurationList = A688024620445EBB007192F2 /* Build configuration list for PBXNativeTarget "pcap-test" */;
			buildPhases = (
				A688023C20445EBB007192F2 /* Sources */,
				A688023D20445EBB007192F2 /* Frameworks */,
				A688023E20445EBB007192F2 /* CopyFiles */,
			);
			buildRules = (
			);
			dependencies = (
			);
			name = "pcap-test";
			productName = "pcap-test";
			productReference = A688024020445EBB007192F2 /* pcap-test */;
			productType = "com.apple.product-type.tool";
		};
/* End PBXNativeTarget section */

/* Begin PBXProject section */
		A65781B11CF54A3600211137 /* Project object */ = {
			isa = PBXProject;
			attributes = {
				LastUpgradeCheck = 1320;
				ORGANIZATIONNAME = "Andreas Fink (andreas@fink.org)";
				TargetAttributes = {
					A60E40651D3E99CF00211137 = {
						CreatedOnToolsVersion = 7.3.1;
						DevelopmentTeam = 2GSNWPNR77;
						ProvisioningStyle = Automatic;
					};
					A60E40741D3E9D0C00211137 = {
						CreatedOnToolsVersion = 7.3.1;
						DevelopmentTeam = 2GSNWPNR77;
						ProvisioningStyle = Automatic;
					};
					A624F40E2150D62F0075788B = {
						CreatedOnToolsVersion = 9.4.1;
						DevelopmentTeam = 2GSNWPNR77;
						ProvisioningStyle = Automatic;
					};
					A65781B91CF54A3600211137 = {
						CreatedOnToolsVersion = 7.3.1;
						DevelopmentTeam = 2GSNWPNR77;
						ProvisioningStyle = Automatic;
					};
					A65781C31CF54A3600211137 = {
						CreatedOnToolsVersion = 7.3.1;
						DevelopmentTeam = 2GSNWPNR77;
						ProvisioningStyle = Automatic;
					};
					A688023F20445EBB007192F2 = {
						CreatedOnToolsVersion = 9.2;
						DevelopmentTeam = 2GSNWPNR77;
						ProvisioningStyle = Automatic;
					};
				};
			};
			buildConfigurationList = A65781B41CF54A3600211137 /* Build configuration list for PBXProject "ulibpcap" */;
			compatibilityVersion = "Xcode 3.2";
			developmentRegion = en;
			hasScannedForEncodings = 0;
			knownRegions = (
				en,
				Base,
			);
			mainGroup = A65781B01CF54A3600211137;
			productRefGroup = A65781BB1CF54A3600211137 /* Products */;
			projectDirPath = "";
			projectRoot = "";
			targets = (
				A65781B91CF54A3600211137 /* ulibpcap */,
				A65781C31CF54A3600211137 /* ulibpcapTests */,
				A60E40651D3E99CF00211137 /* dump-mtp3 */,
				A60E40741D3E9D0C00211137 /* dump-sccp */,
				A688023F20445EBB007192F2 /* pcap-test */,
				A624F40E2150D62F0075788B /* dump-huawei */,
			);
		};
/* End PBXProject section */

/* Begin PBXResourcesBuildPhase section */
		A65781B81CF54A3600211137 /* Resources */ = {
			isa = PBXResourcesBuildPhase;
			buildActionMask = 2147483647;
			files = (
			);
			runOnlyForDeploymentPostprocessing = 0;
		};
		A65781C21CF54A3600211137 /* Resources */ = {
			isa = PBXResourcesBuildPhase;
			buildActionMask = 2147483647;
			files = (
			);
			runOnlyForDeploymentPostprocessing = 0;
		};
/* End PBXResourcesBuildPhase section */

/* Begin PBXShellScriptBuildPhase section */
		A67E7A8C22C61B9800B34DA3 /* ShellScript */ = {
			isa = PBXShellScriptBuildPhase;
			buildActionMask = 2147483647;
			files = (
			);
			inputFileListPaths = (
			);
			inputPaths = (
			);
			outputFileListPaths = (
			);
			outputPaths = (
			);
			runOnlyForDeploymentPostprocessing = 0;
			shellPath = /bin/sh;
			shellScript = "#!/bin/bash\n\nEXE=dump-mtp3\nmkdir -p /usr/local/bin\nif [ -f \"/usr/local/bin/$EXE\" ]\nthen\n    rm -f \"/usr/local/bin/$EXE\"\nfi\nif [ -L \"/usr/local/bin/$EXE\" ]\nthen\n    rm -f \"/usr/local/bin/$EXE\"\nfi\nln -s /Library/Application\\ Support/FinkTelecomServices/bin/$EXE /usr/local/bin/$EXE\n";
		};
		A67E7A8D22C61BA900B34DA3 /* ShellScript */ = {
			isa = PBXShellScriptBuildPhase;
			buildActionMask = 2147483647;
			files = (
			);
			inputFileListPaths = (
			);
			inputPaths = (
			);
			outputFileListPaths = (
			);
			outputPaths = (
			);
			runOnlyForDeploymentPostprocessing = 0;
			shellPath = /bin/sh;
			shellScript = "#!/bin/bash\n\nEXE=dump-sccp\nmkdir -p /usr/local/bin\nif [ -f \"/usr/local/bin/$EXE\" ]\nthen\n    rm -f \"/usr/local/bin/$EXE\"\nfi\nif [ -L \"/usr/local/bin/$EXE\" ]\nthen\n    rm -f \"/usr/local/bin/$EXE\"\nfi\nln -s /Library/Application\\ Support/FinkTelecomServices/bin/$EXE /usr/local/bin/$EXE\n";
		};
		A67E7A8E22C61BB600B34DA3 /* ShellScript */ = {
			isa = PBXShellScriptBuildPhase;
			buildActionMask = 2147483647;
			files = (
			);
			inputFileListPaths = (
			);
			inputPaths = (
			);
			outputFileListPaths = (
			);
			outputPaths = (
			);
			runOnlyForDeploymentPostprocessing = 0;
			shellPath = /bin/sh;
			shellScript = "#!/bin/bash\n\nEXE=dump-huawei\nmkdir -p /usr/local/bin\nif [ -f \"/usr/local/bin/$EXE\" ]\nthen\n    rm -f \"/usr/local/bin/$EXE\"\nfi\nif [ -L \"/usr/local/bin/$EXE\" ]\nthen\n    rm -f \"/usr/local/bin/$EXE\"\nfi\nln -s /Library/Application\\ Support/FinkTelecomServices/bin/$EXE /usr/local/bin/$EXE\n";
		};
/* End PBXShellScriptBuildPhase section */

/* Begin PBXSourcesBuildPhase section */
		A60E40621D3E99CF00211137 /* Sources */ = {
			isa = PBXSourcesBuildPhase;
			buildActionMask = 2147483647;
			files = (
				A60E40691D3E99D000211137 /* main.m in Sources */,
			);
			runOnlyForDeploymentPostprocessing = 0;
		};
		A60E40711D3E9D0C00211137 /* Sources */ = {
			isa = PBXSourcesBuildPhase;
			buildActionMask = 2147483647;
			files = (
				A60E40781D3E9D0C00211137 /* main.m in Sources */,
			);
			runOnlyForDeploymentPostprocessing = 0;
		};
		A624F40B2150D62F0075788B /* Sources */ = {
			isa = PBXSourcesBuildPhase;
			buildActionMask = 2147483647;
			files = (
				A624F4122150D62F0075788B /* main.m in Sources */,
			);
			runOnlyForDeploymentPostprocessing = 0;
		};
		A65781B51CF54A3600211137 /* Sources */ = {
			isa = PBXSourcesBuildPhase;
			buildActionMask = 2147483647;
			files = (
				A6B3968E236BA7C400C8D33D /* UMPCAPLiveTrace.m in Sources */,
				A65781DD1CF54D8E00211137 /* UMPCAPFile.m in Sources */,
				A688023B20443995007192F2 /* UMPCAPPseudoConnection.m in Sources */,
				A6B39692236BBAC500C8D33D /* UMPCAPLiveTracePacket.m in Sources */,
			);
			runOnlyForDeploymentPostprocessing = 0;
		};
		A65781C01CF54A3600211137 /* Sources */ = {
			isa = PBXSourcesBuildPhase;
			buildActionMask = 2147483647;
			files = (
				A65781CA1CF54A3600211137 /* ulibpcapTests.m in Sources */,
			);
			runOnlyForDeploymentPostprocessing = 0;
		};
		A688023C20445EBB007192F2 /* Sources */ = {
			isa = PBXSourcesBuildPhase;
			buildActionMask = 2147483647;
			files = (
				A688024320445EBB007192F2 /* main.m in Sources */,
			);
			runOnlyForDeploymentPostprocessing = 0;
		};
/* End PBXSourcesBuildPhase section */

/* Begin PBXTargetDependency section */
		A65781C71CF54A3600211137 /* PBXTargetDependency */ = {
			isa = PBXTargetDependency;
			target = A65781B91CF54A3600211137 /* ulibpcap */;
			targetProxy = A65781C61CF54A3600211137 /* PBXContainerItemProxy */;
		};
/* End PBXTargetDependency section */

/* Begin XCBuildConfiguration section */
		A60E406A1D3E99D000211137 /* Debug */ = {
			isa = XCBuildConfiguration;
			buildSettings = {
				CODE_SIGN_IDENTITY = "Apple Development";
				CODE_SIGN_STYLE = Automatic;
				DEVELOPMENT_TEAM = 2GSNWPNR77;
				ENABLE_HARDENED_RUNTIME = YES;
				FRAMEWORK_SEARCH_PATHS = (
					"$(inherited)",
					"$(LOCAL_LIBRARY_DIR)/Frameworks",
					"$(LOCAL_LIBRARY_DIR)/Application\\ Support/FinkTelecomServices/frameworks",
				);
				INSTALL_PATH = "/Library/Application Support/FinkTelecomServices/bin";
				MACOSX_DEPLOYMENT_TARGET = 10.14;
				PRODUCT_BUNDLE_IDENTIFIER = "me.fink.ulibpcap.dump-mtp3";
				PRODUCT_NAME = "$(TARGET_NAME)";
				PROVISIONING_PROFILE_SPECIFIER = "";
			};
			name = Debug;
		};
		A60E406B1D3E99D000211137 /* Release */ = {
			isa = XCBuildConfiguration;
			buildSettings = {
				CODE_SIGN_IDENTITY = "Apple Development";
				CODE_SIGN_STYLE = Automatic;
				DEVELOPMENT_TEAM = 2GSNWPNR77;
				ENABLE_HARDENED_RUNTIME = YES;
				FRAMEWORK_SEARCH_PATHS = (
					"$(inherited)",
					"$(LOCAL_LIBRARY_DIR)/Frameworks",
					"$(LOCAL_LIBRARY_DIR)/Application\\ Support/FinkTelecomServices/frameworks",
				);
				INSTALL_PATH = "/Library/Application Support/FinkTelecomServices/bin";
				MACOSX_DEPLOYMENT_TARGET = 10.14;
				PRODUCT_BUNDLE_IDENTIFIER = "me.fink.ulibpcap.dump-mtp3";
				PRODUCT_NAME = "$(TARGET_NAME)";
				PROVISIONING_PROFILE_SPECIFIER = "";
			};
			name = Release;
		};
		A60E407A1D3E9D0C00211137 /* Debug */ = {
			isa = XCBuildConfiguration;
			buildSettings = {
				CODE_SIGN_IDENTITY = "Apple Development";
				CODE_SIGN_STYLE = Automatic;
				DEVELOPMENT_TEAM = 2GSNWPNR77;
				ENABLE_HARDENED_RUNTIME = YES;
				FRAMEWORK_SEARCH_PATHS = (
					"$(inherited)",
					"$(LOCAL_LIBRARY_DIR)/Frameworks",
					"$(LOCAL_LIBRARY_DIR)/Application\\ Support/FinkTelecomServices/frameworks",
				);
				INSTALL_PATH = "/Library/Application Support/FinkTelecomServices/bin";
				MACOSX_DEPLOYMENT_TARGET = 10.14;
				PRODUCT_BUNDLE_IDENTIFIER = "me.fink.ulibpcap.dump-sccp";
				PRODUCT_NAME = "$(TARGET_NAME)";
				PROVISIONING_PROFILE_SPECIFIER = "";
			};
			name = Debug;
		};
		A60E407B1D3E9D0C00211137 /* Release */ = {
			isa = XCBuildConfiguration;
			buildSettings = {
				CODE_SIGN_IDENTITY = "Apple Development";
				CODE_SIGN_STYLE = Automatic;
				DEVELOPMENT_TEAM = 2GSNWPNR77;
				ENABLE_HARDENED_RUNTIME = YES;
				FRAMEWORK_SEARCH_PATHS = (
					"$(inherited)",
					"$(LOCAL_LIBRARY_DIR)/Frameworks",
					"$(LOCAL_LIBRARY_DIR)/Application\\ Support/FinkTelecomServices/frameworks",
				);
				INSTALL_PATH = "/Library/Application Support/FinkTelecomServices/bin";
				MACOSX_DEPLOYMENT_TARGET = 10.14;
				PRODUCT_BUNDLE_IDENTIFIER = "me.fink.ulibpcap.dump-sccp";
				PRODUCT_NAME = "$(TARGET_NAME)";
				PROVISIONING_PROFILE_SPECIFIER = "";
			};
			name = Release;
		};
		A624F4132150D62F0075788B /* Debug */ = {
			isa = XCBuildConfiguration;
			buildSettings = {
				CLANG_ANALYZER_NUMBER_OBJECT_CONVERSION = YES_AGGRESSIVE;
				CLANG_CXX_LANGUAGE_STANDARD = "gnu++14";
				CLANG_ENABLE_MODULES = YES;
				CLANG_ENABLE_OBJC_WEAK = YES;
				CLANG_WARN_DOCUMENTATION_COMMENTS = YES;
				CLANG_WARN_UNGUARDED_AVAILABILITY = YES_AGGRESSIVE;
				CODE_SIGN_IDENTITY = "Apple Development";
				CODE_SIGN_STYLE = Automatic;
				DEVELOPMENT_TEAM = 2GSNWPNR77;
				ENABLE_HARDENED_RUNTIME = YES;
				FRAMEWORK_SEARCH_PATHS = (
					"$(inherited)",
					"$(LOCAL_LIBRARY_DIR)/Frameworks",
					"$(LOCAL_LIBRARY_DIR)/Application\\ Support/FinkTelecomServices/frameworks",
				);
				GCC_C_LANGUAGE_STANDARD = gnu11;
				INSTALL_PATH = "/Library/Application Support/FinkTelecomServices/bin";
				MACOSX_DEPLOYMENT_TARGET = 10.14;
				PRODUCT_BUNDLE_IDENTIFIER = "me.fink.ulibpcap.dump-huawei";
				PRODUCT_NAME = "$(TARGET_NAME)";
				PROVISIONING_PROFILE_SPECIFIER = "";
			};
			name = Debug;
		};
		A624F4142150D62F0075788B /* Release */ = {
			isa = XCBuildConfiguration;
			buildSettings = {
				CLANG_ANALYZER_NUMBER_OBJECT_CONVERSION = YES_AGGRESSIVE;
				CLANG_CXX_LANGUAGE_STANDARD = "gnu++14";
				CLANG_ENABLE_MODULES = YES;
				CLANG_ENABLE_OBJC_WEAK = YES;
				CLANG_WARN_DOCUMENTATION_COMMENTS = YES;
				CLANG_WARN_UNGUARDED_AVAILABILITY = YES_AGGRESSIVE;
				CODE_SIGN_IDENTITY = "Apple Development";
				CODE_SIGN_STYLE = Automatic;
				COPY_PHASE_STRIP = NO;
				DEVELOPMENT_TEAM = 2GSNWPNR77;
				ENABLE_HARDENED_RUNTIME = YES;
				FRAMEWORK_SEARCH_PATHS = (
					"$(inherited)",
					"$(LOCAL_LIBRARY_DIR)/Frameworks",
					"$(LOCAL_LIBRARY_DIR)/Application\\ Support/FinkTelecomServices/frameworks",
				);
				GCC_C_LANGUAGE_STANDARD = gnu11;
				INSTALL_PATH = "/Library/Application Support/FinkTelecomServices/bin";
				MACOSX_DEPLOYMENT_TARGET = 10.14;
				PRODUCT_BUNDLE_IDENTIFIER = "me.fink.ulibpcap.dump-huawei";
				PRODUCT_NAME = "$(TARGET_NAME)";
				PROVISIONING_PROFILE_SPECIFIER = "";
			};
			name = Release;
		};
		A65781CC1CF54A3600211137 /* Debug */ = {
			isa = XCBuildConfiguration;
			buildSettings = {
				ALWAYS_SEARCH_USER_PATHS = NO;
				ARCHS = (
					"$(ARCHS_STANDARD)",
					arm64,
					x86_64,
				);
				CLANG_ALLOW_NON_MODULAR_INCLUDES_IN_FRAMEWORK_MODULES = YES;
				CLANG_ANALYZER_LOCALIZABILITY_NONLOCALIZED = YES;
				CLANG_ANALYZER_NONNULL = YES;
				CLANG_CXX_LANGUAGE_STANDARD = "gnu++0x";
				CLANG_CXX_LIBRARY = "libc++";
				CLANG_ENABLE_MODULES = NO;
				CLANG_ENABLE_OBJC_ARC = YES;
				CLANG_WARN_BLOCK_CAPTURE_AUTORELEASING = YES;
				CLANG_WARN_BOOL_CONVERSION = YES;
				CLANG_WARN_COMMA = YES;
				CLANG_WARN_CONSTANT_CONVERSION = YES;
				CLANG_WARN_DEPRECATED_OBJC_IMPLEMENTATIONS = YES;
				CLANG_WARN_DIRECT_OBJC_ISA_USAGE = YES_ERROR;
				CLANG_WARN_EMPTY_BODY = YES;
				CLANG_WARN_ENUM_CONVERSION = YES;
				CLANG_WARN_INFINITE_RECURSION = YES;
				CLANG_WARN_INT_CONVERSION = YES;
				CLANG_WARN_NON_LITERAL_NULL_CONVERSION = YES;
				CLANG_WARN_OBJC_IMPLICIT_RETAIN_SELF = YES;
				CLANG_WARN_OBJC_LITERAL_CONVERSION = YES;
				CLANG_WARN_OBJC_ROOT_CLASS = YES_ERROR;
				CLANG_WARN_RANGE_LOOP_ANALYSIS = YES;
				CLANG_WARN_STRICT_PROTOTYPES = YES;
				CLANG_WARN_SUSPICIOUS_MOVE = YES;
				CLANG_WARN_UNREACHABLE_CODE = YES;
				CLANG_WARN__DUPLICATE_METHOD_MATCH = YES;
				COPY_PHASE_STRIP = NO;
				CURRENT_PROJECT_VERSION = 1;
				DEBUG_INFORMATION_FORMAT = dwarf;
				DEPLOYMENT_LOCATION = YES;
				DEPLOYMENT_POSTPROCESSING = YES;
				DSTROOT = /;
				ENABLE_STRICT_OBJC_MSGSEND = YES;
				ENABLE_TESTABILITY = YES;
				FRAMEWORK_SEARCH_PATHS = "\"/Library/Application Support/FinkTelecomServices/frameworks\"";
				GCC_C_LANGUAGE_STANDARD = gnu99;
				GCC_DYNAMIC_NO_PIC = NO;
				GCC_NO_COMMON_BLOCKS = YES;
				GCC_OPTIMIZATION_LEVEL = 0;
				GCC_PREPROCESSOR_DEFINITIONS = (
					"DEBUG=1",
					"$(inherited)",
				);
				GCC_WARN_64_TO_32_BIT_CONVERSION = YES;
				GCC_WARN_ABOUT_RETURN_TYPE = YES_ERROR;
				GCC_WARN_UNDECLARED_SELECTOR = YES;
				GCC_WARN_UNINITIALIZED_AUTOS = YES_AGGRESSIVE;
				GCC_WARN_UNUSED_FUNCTION = YES;
				GCC_WARN_UNUSED_VARIABLE = YES;
				INSTALL_PATH = "/Library/Application Support/FinkTelecomServices/frameworks";
				MACOSX_DEPLOYMENT_TARGET = 10.14;
				MTL_ENABLE_DEBUG_INFO = YES;
				ONLY_ACTIVE_ARCH = NO;
				SDKROOT = macosx;
				STRIP_INSTALLED_PRODUCT = NO;
				VERSIONING_SYSTEM = "apple-generic";
				VERSION_INFO_PREFIX = "";
				WARNING_CFLAGS = "-Wimplicit-fallthrough";
			};
			name = Debug;
		};
		A65781CD1CF54A3600211137 /* Release */ = {
			isa = XCBuildConfiguration;
			buildSettings = {
				ALWAYS_SEARCH_USER_PATHS = NO;
				ARCHS = (
					"$(ARCHS_STANDARD)",
					arm64,
					x86_64,
				);
				CLANG_ALLOW_NON_MODULAR_INCLUDES_IN_FRAMEWORK_MODULES = YES;
				CLANG_ANALYZER_LOCALIZABILITY_NONLOCALIZED = YES;
				CLANG_ANALYZER_NONNULL = YES;
				CLANG_CXX_LANGUAGE_STANDARD = "gnu++0x";
				CLANG_CXX_LIBRARY = "libc++";
				CLANG_ENABLE_MODULES = NO;
				CLANG_ENABLE_OBJC_ARC = YES;
				CLANG_WARN_BLOCK_CAPTURE_AUTORELEASING = YES;
				CLANG_WARN_BOOL_CONVERSION = YES;
				CLANG_WARN_COMMA = YES;
				CLANG_WARN_CONSTANT_CONVERSION = YES;
				CLANG_WARN_DEPRECATED_OBJC_IMPLEMENTATIONS = YES;
				CLANG_WARN_DIRECT_OBJC_ISA_USAGE = YES_ERROR;
				CLANG_WARN_EMPTY_BODY = YES;
				CLANG_WARN_ENUM_CONVERSION = YES;
				CLANG_WARN_INFINITE_RECURSION = YES;
				CLANG_WARN_INT_CONVERSION = YES;
				CLANG_WARN_NON_LITERAL_NULL_CONVERSION = YES;
				CLANG_WARN_OBJC_IMPLICIT_RETAIN_SELF = YES;
				CLANG_WARN_OBJC_LITERAL_CONVERSION = YES;
				CLANG_WARN_OBJC_ROOT_CLASS = YES_ERROR;
				CLANG_WARN_RANGE_LOOP_ANALYSIS = YES;
				CLANG_WARN_STRICT_PROTOTYPES = YES;
				CLANG_WARN_SUSPICIOUS_MOVE = YES;
				CLANG_WARN_UNREACHABLE_CODE = YES;
				CLANG_WARN__DUPLICATE_METHOD_MATCH = YES;
				COPY_PHASE_STRIP = YES;
				CURRENT_PROJECT_VERSION = 1;
				DEBUG_INFORMATION_FORMAT = "dwarf-with-dsym";
				DEPLOYMENT_LOCATION = YES;
				DEPLOYMENT_POSTPROCESSING = YES;
				DSTROOT = /;
				ENABLE_NS_ASSERTIONS = NO;
				ENABLE_STRICT_OBJC_MSGSEND = YES;
				FRAMEWORK_SEARCH_PATHS = "\"/Library/Application Support/FinkTelecomServices/frameworks\"";
				GCC_C_LANGUAGE_STANDARD = gnu99;
				GCC_NO_COMMON_BLOCKS = YES;
				GCC_WARN_64_TO_32_BIT_CONVERSION = YES;
				GCC_WARN_ABOUT_RETURN_TYPE = YES_ERROR;
				GCC_WARN_UNDECLARED_SELECTOR = YES;
				GCC_WARN_UNINITIALIZED_AUTOS = YES_AGGRESSIVE;
				GCC_WARN_UNUSED_FUNCTION = YES;
				GCC_WARN_UNUSED_VARIABLE = YES;
				INSTALL_PATH = "/Library/Application Support/FinkTelecomServices/frameworks";
				MACOSX_DEPLOYMENT_TARGET = 10.14;
				MTL_ENABLE_DEBUG_INFO = NO;
				ONLY_ACTIVE_ARCH = NO;
				SDKROOT = macosx;
				STRIP_INSTALLED_PRODUCT = NO;
				VERSIONING_SYSTEM = "apple-generic";
				VERSION_INFO_PREFIX = "";
				WARNING_CFLAGS = "-Wimplicit-fallthrough";
			};
			name = Release;
		};
		A65781CF1CF54A3600211137 /* Debug */ = {
			isa = XCBuildConfiguration;
			buildSettings = {
				CODE_SIGN_IDENTITY = "Apple Development";
				DEFINES_MODULE = NO;
				DEVELOPMENT_TEAM = 2GSNWPNR77;
				DYLIB_COMPATIBILITY_VERSION = 1;
				DYLIB_CURRENT_VERSION = 1;
				FRAMEWORK_SEARCH_PATHS = (
					"$(inherited)",
					"$(LOCAL_LIBRARY_DIR)/Frameworks",
					"$(LOCAL_LIBRARY_DIR)/Application\\ Support/FinkTelecomServices/frameworks",
				);
				FRAMEWORK_VERSION = A;
				INFOPLIST_FILE = ulibpcap/Info.plist;
				LD_RUNPATH_SEARCH_PATHS = "$(inherited) @executable_path/../Frameworks @loader_path/Frameworks";
				MACOSX_DEPLOYMENT_TARGET = 10.14;
				MARKETING_VERSION = 1.14.1;
				PRODUCT_BUNDLE_IDENTIFIER = me.fink.ulibpcap;
				PRODUCT_NAME = "$(TARGET_NAME)";
			};
			name = Debug;
		};
		A65781D01CF54A3600211137 /* Release */ = {
			isa = XCBuildConfiguration;
			buildSettings = {
				CODE_SIGN_IDENTITY = "Apple Development";
				DEFINES_MODULE = NO;
				DEVELOPMENT_TEAM = 2GSNWPNR77;
				DYLIB_COMPATIBILITY_VERSION = 1;
				DYLIB_CURRENT_VERSION = 1;
				FRAMEWORK_SEARCH_PATHS = (
					"$(inherited)",
					"$(LOCAL_LIBRARY_DIR)/Frameworks",
					"$(LOCAL_LIBRARY_DIR)/Application\\ Support/FinkTelecomServices/frameworks",
				);
				FRAMEWORK_VERSION = A;
				INFOPLIST_FILE = ulibpcap/Info.plist;
				LD_RUNPATH_SEARCH_PATHS = "$(inherited) @executable_path/../Frameworks @loader_path/Frameworks";
				MACOSX_DEPLOYMENT_TARGET = 10.14;
				MARKETING_VERSION = 1.14.1;
				PRODUCT_BUNDLE_IDENTIFIER = me.fink.ulibpcap;
				PRODUCT_NAME = "$(TARGET_NAME)";
			};
			name = Release;
		};
		A65781D21CF54A3600211137 /* Debug */ = {
			isa = XCBuildConfiguration;
			buildSettings = {
				CODE_SIGN_IDENTITY = "Apple Development";
				CODE_SIGN_STYLE = Automatic;
				COMBINE_HIDPI_IMAGES = YES;
				DEVELOPMENT_TEAM = 2GSNWPNR77;
				FRAMEWORK_SEARCH_PATHS = (
					"$(inherited)",
					"$(LOCAL_LIBRARY_DIR)/Frameworks",
					"$(LOCAL_LIBRARY_DIR)/Application\\ Support/FinkTelecomServices/frameworks",
				);
				INFOPLIST_FILE = ulibpcapTests/Info.plist;
				LD_RUNPATH_SEARCH_PATHS = "$(inherited) @executable_path/../Frameworks @loader_path/../Frameworks";
				PRODUCT_BUNDLE_IDENTIFIER = me.fink.ulibpcapTests;
				PRODUCT_NAME = "$(TARGET_NAME)";
				PROVISIONING_PROFILE_SPECIFIER = "";
			};
			name = Debug;
		};
		A65781D31CF54A3600211137 /* Release */ = {
			isa = XCBuildConfiguration;
			buildSettings = {
				CODE_SIGN_IDENTITY = "Apple Development";
				CODE_SIGN_STYLE = Automatic;
				COMBINE_HIDPI_IMAGES = YES;
				DEVELOPMENT_TEAM = 2GSNWPNR77;
				FRAMEWORK_SEARCH_PATHS = (
					"$(inherited)",
					"$(LOCAL_LIBRARY_DIR)/Frameworks",
					"$(LOCAL_LIBRARY_DIR)/Application\\ Support/FinkTelecomServices/frameworks",
				);
				INFOPLIST_FILE = ulibpcapTests/Info.plist;
				LD_RUNPATH_SEARCH_PATHS = "$(inherited) @executable_path/../Frameworks @loader_path/../Frameworks";
				PRODUCT_BUNDLE_IDENTIFIER = me.fink.ulibpcapTests;
				PRODUCT_NAME = "$(TARGET_NAME)";
				PROVISIONING_PROFILE_SPECIFIER = "";
			};
			name = Release;
		};
		A688024420445EBB007192F2 /* Debug */ = {
			isa = XCBuildConfiguration;
			buildSettings = {
				CLANG_ANALYZER_NUMBER_OBJECT_CONVERSION = YES_AGGRESSIVE;
				CLANG_CXX_LANGUAGE_STANDARD = "gnu++14";
				CLANG_ENABLE_MODULES = NO;
				CLANG_WARN_DOCUMENTATION_COMMENTS = YES;
				CLANG_WARN_UNGUARDED_AVAILABILITY = YES_AGGRESSIVE;
				CODE_SIGN_IDENTITY = "Apple Development";
				CODE_SIGN_STYLE = Automatic;
				DEVELOPMENT_TEAM = 2GSNWPNR77;
				ENABLE_HARDENED_RUNTIME = YES;
				FRAMEWORK_SEARCH_PATHS = (
					"$(inherited)",
					"$(LOCAL_LIBRARY_DIR)/Frameworks",
					"$(LOCAL_LIBRARY_DIR)/Application\\ Support/FinkTelecomServices/frameworks",
				);
				GCC_C_LANGUAGE_STANDARD = gnu11;
				INSTALL_PATH = "/Library/Application Support/FinkTelecomServices/bin";
				MACOSX_DEPLOYMENT_TARGET = 10.14;
				PRODUCT_BUNDLE_IDENTIFIER = "me.fink.ulibpcap.pcap-test";
				PRODUCT_NAME = "$(TARGET_NAME)";
				PROVISIONING_PROFILE_SPECIFIER = "";
			};
			name = Debug;
		};
		A688024520445EBB007192F2 /* Release */ = {
			isa = XCBuildConfiguration;
			buildSettings = {
				CLANG_ANALYZER_NUMBER_OBJECT_CONVERSION = YES_AGGRESSIVE;
				CLANG_CXX_LANGUAGE_STANDARD = "gnu++14";
				CLANG_ENABLE_MODULES = NO;
				CLANG_WARN_DOCUMENTATION_COMMENTS = YES;
				CLANG_WARN_UNGUARDED_AVAILABILITY = YES_AGGRESSIVE;
				CODE_SIGN_IDENTITY = "Apple Development";
				CODE_SIGN_STYLE = Automatic;
				DEVELOPMENT_TEAM = 2GSNWPNR77;
				ENABLE_HARDENED_RUNTIME = YES;
				FRAMEWORK_SEARCH_PATHS = (
					"$(inherited)",
					"$(LOCAL_LIBRARY_DIR)/Frameworks",
					"$(LOCAL_LIBRARY_DIR)/Application\\ Support/FinkTelecomServices/frameworks",
				);
				GCC_C_LANGUAGE_STANDARD = gnu11;
				INSTALL_PATH = "/Library/Application Support/FinkTelecomServices/bin";
				MACOSX_DEPLOYMENT_TARGET = 10.14;
				PRODUCT_BUNDLE_IDENTIFIER = "me.fink.ulibpcap.pcap-test";
				PRODUCT_NAME = "$(TARGET_NAME)";
				PROVISIONING_PROFILE_SPECIFIER = "";
			};
			name = Release;
		};
/* End XCBuildConfiguration section */

/* Begin XCConfigurationList section */
		A60E406C1D3E99D000211137 /* Build configuration list for PBXNativeTarget "dump-mtp3" */ = {
			isa = XCConfigurationList;
			buildConfigurations = (
				A60E406A1D3E99D000211137 /* Debug */,
				A60E406B1D3E99D000211137 /* Release */,
			);
			defaultConfigurationIsVisible = 0;
			defaultConfigurationName = Release;
		};
		A60E40791D3E9D0C00211137 /* Build configuration list for PBXNativeTarget "dump-sccp" */ = {
			isa = XCConfigurationList;
			buildConfigurations = (
				A60E407A1D3E9D0C00211137 /* Debug */,
				A60E407B1D3E9D0C00211137 /* Release */,
			);
			defaultConfigurationIsVisible = 0;
			defaultConfigurationName = Release;
		};
		A624F4152150D62F0075788B /* Build configuration list for PBXNativeTarget "dump-huawei" */ = {
			isa = XCConfigurationList;
			buildConfigurations = (
				A624F4132150D62F0075788B /* Debug */,
				A624F4142150D62F0075788B /* Release */,
			);
			defaultConfigurationIsVisible = 0;
			defaultConfigurationName = Release;
		};
		A65781B41CF54A3600211137 /* Build configuration list for PBXProject "ulibpcap" */ = {
			isa = XCConfigurationList;
			buildConfigurations = (
				A65781CC1CF54A3600211137 /* Debug */,
				A65781CD1CF54A3600211137 /* Release */,
			);
			defaultConfigurationIsVisible = 0;
			defaultConfigurationName = Release;
		};
		A65781CE1CF54A3600211137 /* Build configuration list for PBXNativeTarget "ulibpcap" */ = {
			isa = XCConfigurationList;
			buildConfigurations = (
				A65781CF1CF54A3600211137 /* Debug */,
				A65781D01CF54A3600211137 /* Release */,
			);
			defaultConfigurationIsVisible = 0;
			defaultConfigurationName = Release;
		};
		A65781D11CF54A3600211137 /* Build configuration list for PBXNativeTarget "ulibpcapTests" */ = {
			isa = XCConfigurationList;
			buildConfigurations = (
				A65781D21CF54A3600211137 /* Debug */,
				A65781D31CF54A3600211137 /* Release */,
			);
			defaultConfigurationIsVisible = 0;
			defaultConfigurationName = Release;
		};
		A688024620445EBB007192F2 /* Build configuration list for PBXNativeTarget "pcap-test" */ = {
			isa = XCConfigurationList;
			buildConfigurations = (
				A688024420445EBB007192F2 /* Debug */,
				A688024520445EBB007192F2 /* Release */,
			);
			defaultConfigurationIsVisible = 0;
			defaultConfigurationName = Release;
		};
/* End XCConfigurationList section */
	};
	rootObject = A65781B11CF54A3600211137 /* Project object */;
}
